
Microsoft Visual Studio Solution File, Format Version 12.00
# Visual Studio Version 16
VisualStudioVersion = 16.0.30517.126
MinimumVisualStudioVersion = 10.0.40219.1
Project("{FAE04EC0-301F-11D3-BF4B-00C04F79EFBC}") = "Lab.Rab1", "Lab.Rab1.csproj", "{E09289DD-1E06-46EE-8325-AC2616131557}"
EndProject
Project("{FAE04EC0-301F-11D3-BF4B-00C04F79EFBC}") = "UnitTest", "..\UnitTest\UnitTest.csproj", "{3D629947-8539-4F05-BE94-15F784BE98CA}"
EndProject
Global
	GlobalSection(SolutionConfigurationPlatforms) = preSolution
		Debug|Any CPU = Debug|Any CPU
		Release|Any CPU = Release|Any CPU
	EndGlobalSection
	GlobalSection(ProjectConfigurationPlatforms) = postSolution
		{E09289DD-1E06-46EE-8325-AC2616131557}.Debug|Any CPU.ActiveCfg = Debug|Any CPU
		{E09289DD-1E06-46EE-8325-AC2616131557}.Debug|Any CPU.Build.0 = Debug|Any CPU
		{E09289DD-1E06-46EE-8325-AC2616131557}.Release|Any CPU.ActiveCfg = Release|Any CPU
		{E09289DD-1E06-46EE-8325-AC2616131557}.Release|Any CPU.Build.0 = Release|Any CPU
		{3D629947-8539-4F05-BE94-15F784BE98CA}.Debug|Any CPU.ActiveCfg = Debug|Any CPU
		{3D629947-8539-4F05-BE94-15F784BE98CA}.Debug|Any CPU.Build.0 = Debug|Any CPU
		{3D629947-8539-4F05-BE94-15F784BE98CA}.Release|Any CPU.ActiveCfg = Release|Any CPU
		{3D629947-8539-4F05-BE94-15F784BE98CA}.Release|Any CPU.Build.0 = Release|Any CPU
	EndGlobalSection
	GlobalSection(SolutionProperties) = preSolution
		HideSolutionNode = FALSE
	EndGlobalSection
	GlobalSection(ExtensibilityGlobals) = postSolution
		SolutionGuid = {30BD2C05-AD34-49C1-9DA9-27166C3FA44F}
	EndGlobalSection
EndGlobal
